// !$*UTF8*$!
{
	archiveVersion = 1;
	classes = {
	};
	objectVersion = 46;
	objects = {

/* Begin PBXBuildFile section */
		A8F5EE2C1D51773400C6EAB7 /* main.m in Sources */ = {isa = PBXBuildFile; fileRef = A8F5EE2B1D51773400C6EAB7 /* main.m */; };
		A8F5EE2F1D51773400C6EAB7 /* AppDelegate.m in Sources */ = {isa = PBXBuildFile; fileRef = A8F5EE2E1D51773400C6EAB7 /* AppDelegate.m */; };
		A8F5EE321D51773400C6EAB7 /* ViewController.m in Sources */ = {isa = PBXBuildFile; fileRef = A8F5EE311D51773400C6EAB7 /* ViewController.m */; };
		A8F5EE351D51773400C6EAB7 /* Main.storyboard in Resources */ = {isa = PBXBuildFile; fileRef = A8F5EE331D51773400C6EAB7 /* Main.storyboard */; };
		A8F5EE371D51773400C6EAB7 /* Assets.xcassets in Resources */ = {isa = PBXBuildFile; fileRef = A8F5EE361D51773400C6EAB7 /* Assets.xcassets */; };
		A8F5EE3A1D51773400C6EAB7 /* LaunchScreen.storyboard in Resources */ = {isa = PBXBuildFile; fileRef = A8F5EE381D51773400C6EAB7 /* LaunchScreen.storyboard */; };
		A8F5EE431D51775100C6EAB7 /* MyImagePickerAppDelegate.m in Sources */ = {isa = PBXBuildFile; fileRef = A8F5EE421D51775100C6EAB7 /* MyImagePickerAppDelegate.m */; };
		A8F5EE461D517C4800C6EAB7 /* AlbumContentsViewController.m in Sources */ = {isa = PBXBuildFile; fileRef = A8F5EE451D517C4800C6EAB7 /* AlbumContentsViewController.m */; };
		A8F5EE4C1D517D1D00C6EAB7 /* PageViewControllerData.m in Sources */ = {isa = PBXBuildFile; fileRef = A8F5EE4B1D517D1D00C6EAB7 /* PageViewControllerData.m */; };
		A8F5EE4E1D517E2B00C6EAB7 /* AssetsLibrary.framework in Frameworks */ = {isa = PBXBuildFile; fileRef = A8F5EE4D1D517E2B00C6EAB7 /* AssetsLibrary.framework */; };
		A8F5EE511D51814000C6EAB7 /* EJPhotoCell.m in Sources */ = {isa = PBXBuildFile; fileRef = A8F5EE501D51814000C6EAB7 /* EJPhotoCell.m */; };
		A8F5EE541D518A9100C6EAB7 /* EJVideoViewController.m in Sources */ = {isa = PBXBuildFile; fileRef = A8F5EE531D518A9100C6EAB7 /* EJVideoViewController.m */; };
		A8F5EE571D519A1700C6EAB7 /* EJPreviewView.m in Sources */ = {isa = PBXBuildFile; fileRef = A8F5EE561D519A1700C6EAB7 /* EJPreviewView.m */; };
/* End PBXBuildFile section */

/* Begin PBXFileReference section */
		A8F5EE271D51773400C6EAB7 /* w8_AVFoundation_PhotoToVideo.app */ = {isa = PBXFileReference; explicitFileType = wrapper.application; includeInIndex = 0; path = w8_AVFoundation_PhotoToVideo.app; sourceTree = BUILT_PRODUCTS_DIR; };
		A8F5EE2B1D51773400C6EAB7 /* main.m */ = {isa = PBXFileReference; lastKnownFileType = sourcecode.c.objc; path = main.m; sourceTree = "<group>"; };
		A8F5EE2D1D51773400C6EAB7 /* AppDelegate.h */ = {isa = PBXFileReference; lastKnownFileType = sourcecode.c.h; path = AppDelegate.h; sourceTree = "<group>"; };
		A8F5EE2E1D51773400C6EAB7 /* AppDelegate.m */ = {isa = PBXFileReference; lastKnownFileType = sourcecode.c.objc; path = AppDelegate.m; sourceTree = "<group>"; };
		A8F5EE301D51773400C6EAB7 /* ViewController.h */ = {isa = PBXFileReference; lastKnownFileType = sourcecode.c.h; path = ViewController.h; sourceTree = "<group>"; };
		A8F5EE311D51773400C6EAB7 /* ViewController.m */ = {isa = PBXFileReference; lastKnownFileType = sourcecode.c.objc; path = ViewController.m; sourceTree = "<group>"; };
		A8F5EE341D51773400C6EAB7 /* Base */ = {isa = PBXFileReference; lastKnownFileType = file.storyboard; name = Base; path = Base.lproj/Main.storyboard; sourceTree = "<group>"; };
		A8F5EE361D51773400C6EAB7 /* Assets.xcassets */ = {isa = PBXFileReference; lastKnownFileType = folder.assetcatalog; path = Assets.xcassets; sourceTree = "<group>"; };
		A8F5EE391D51773400C6EAB7 /* Base */ = {isa = PBXFileReference; lastKnownFileType = file.storyboard; name = Base; path = Base.lproj/LaunchScreen.storyboard; sourceTree = "<group>"; };
		A8F5EE3B1D51773400C6EAB7 /* Info.plist */ = {isa = PBXFileReference; lastKnownFileType = text.plist.xml; path = Info.plist; sourceTree = "<group>"; };
		A8F5EE411D51775100C6EAB7 /* MyImagePickerAppDelegate.h */ = {isa = PBXFileReference; fileEncoding = 4; lastKnownFileType = sourcecode.c.h; path = MyImagePickerAppDelegate.h; sourceTree = "<group>"; };
		A8F5EE421D51775100C6EAB7 /* MyImagePickerAppDelegate.m */ = {isa = PBXFileReference; fileEncoding = 4; lastKnownFileType = sourcecode.c.objc; path = MyImagePickerAppDelegate.m; sourceTree = "<group>"; };
		A8F5EE441D517C4800C6EAB7 /* AlbumContentsViewController.h */ = {isa = PBXFileReference; fileEncoding = 4; lastKnownFileType = sourcecode.c.h; path = AlbumContentsViewController.h; sourceTree = "<group>"; };
		A8F5EE451D517C4800C6EAB7 /* AlbumContentsViewController.m */ = {isa = PBXFileReference; fileEncoding = 4; lastKnownFileType = sourcecode.c.objc; path = AlbumContentsViewController.m; sourceTree = "<group>"; };
		A8F5EE4A1D517D1D00C6EAB7 /* PageViewControllerData.h */ = {isa = PBXFileReference; fileEncoding = 4; lastKnownFileType = sourcecode.c.h; path = PageViewControllerData.h; sourceTree = "<group>"; };
		A8F5EE4B1D517D1D00C6EAB7 /* PageViewControllerData.m */ = {isa = PBXFileReference; fileEncoding = 4; lastKnownFileType = sourcecode.c.objc; path = PageViewControllerData.m; sourceTree = "<group>"; };
		A8F5EE4D1D517E2B00C6EAB7 /* AssetsLibrary.framework */ = {isa = PBXFileReference; lastKnownFileType = wrapper.framework; name = AssetsLibrary.framework; path = System/Library/Frameworks/AssetsLibrary.framework; sourceTree = SDKROOT; };
		A8F5EE4F1D51814000C6EAB7 /* EJPhotoCell.h */ = {isa = PBXFileReference; fileEncoding = 4; lastKnownFileType = sourcecode.c.h; path = EJPhotoCell.h; sourceTree = "<group>"; };
		A8F5EE501D51814000C6EAB7 /* EJPhotoCell.m */ = {isa = PBXFileReference; fileEncoding = 4; lastKnownFileType = sourcecode.c.objc; path = EJPhotoCell.m; sourceTree = "<group>"; };
		A8F5EE521D518A9100C6EAB7 /* EJVideoViewController.h */ = {isa = PBXFileReference; fileEncoding = 4; lastKnownFileType = sourcecode.c.h; path = EJVideoViewController.h; sourceTree = "<group>"; };
		A8F5EE531D518A9100C6EAB7 /* EJVideoViewController.m */ = {isa = PBXFileReference; fileEncoding = 4; lastKnownFileType = sourcecode.c.objc; path = EJVideoViewController.m; sourceTree = "<group>"; };
		A8F5EE551D519A1700C6EAB7 /* EJPreviewView.h */ = {isa = PBXFileReference; fileEncoding = 4; lastKnownFileType = sourcecode.c.h; path = EJPreviewView.h; sourceTree = "<group>"; };
		A8F5EE561D519A1700C6EAB7 /* EJPreviewView.m */ = {isa = PBXFileReference; fileEncoding = 4; lastKnownFileType = sourcecode.c.objc; path = EJPreviewView.m; sourceTree = "<group>"; };
/* End PBXFileReference section */

/* Begin PBXFrameworksBuildPhase section */
		A8F5EE241D51773400C6EAB7 /* Frameworks */ = {
			isa = PBXFrameworksBuildPhase;
			buildActionMask = 2147483647;
			files = (
				A8F5EE4E1D517E2B00C6EAB7 /* AssetsLibrary.framework in Frameworks */,
			);
			runOnlyForDeploymentPostprocessing = 0;
		};
/* End PBXFrameworksBuildPhase section */

/* Begin PBXGroup section */
		A8F5EE1E1D51773300C6EAB7 = {
			isa = PBXGroup;
			children = (
				A8F5EE4D1D517E2B00C6EAB7 /* AssetsLibrary.framework */,
				A8F5EE291D51773400C6EAB7 /* w8_AVFoundation_PhotoToVideo */,
				A8F5EE281D51773400C6EAB7 /* Products */,
			);
			sourceTree = "<group>";
		};
		A8F5EE281D51773400C6EAB7 /* Products */ = {
			isa = PBXGroup;
			children = (
				A8F5EE271D51773400C6EAB7 /* w8_AVFoundation_PhotoToVideo.app */,
			);
			name = Products;
			sourceTree = "<group>";
		};
		A8F5EE291D51773400C6EAB7 /* w8_AVFoundation_PhotoToVideo */ = {
			isa = PBXGroup;
			children = (
				A8F5EE411D51775100C6EAB7 /* MyImagePickerAppDelegate.h */,
				A8F5EE421D51775100C6EAB7 /* MyImagePickerAppDelegate.m */,
				A8F5EE2D1D51773400C6EAB7 /* AppDelegate.h */,
				A8F5EE2E1D51773400C6EAB7 /* AppDelegate.m */,
				A8F5EE301D51773400C6EAB7 /* ViewController.h */,
				A8F5EE311D51773400C6EAB7 /* ViewController.m */,
				A8F5EE441D517C4800C6EAB7 /* AlbumContentsViewController.h */,
				A8F5EE451D517C4800C6EAB7 /* AlbumContentsViewController.m */,
				A8F5EE4A1D517D1D00C6EAB7 /* PageViewControllerData.h */,
				A8F5EE4B1D517D1D00C6EAB7 /* PageViewControllerData.m */,
				A8F5EE331D51773400C6EAB7 /* Main.storyboard */,
				A8F5EE361D51773400C6EAB7 /* Assets.xcassets */,
				A8F5EE381D51773400C6EAB7 /* LaunchScreen.storyboard */,
				A8F5EE3B1D51773400C6EAB7 /* Info.plist */,
				A8F5EE2A1D51773400C6EAB7 /* Supporting Files */,
				A8F5EE4F1D51814000C6EAB7 /* EJPhotoCell.h */,
				A8F5EE501D51814000C6EAB7 /* EJPhotoCell.m */,
				A8F5EE521D518A9100C6EAB7 /* EJVideoViewController.h */,
				A8F5EE531D518A9100C6EAB7 /* EJVideoViewController.m */,
				A8F5EE551D519A1700C6EAB7 /* EJPreviewView.h */,
				A8F5EE561D519A1700C6EAB7 /* EJPreviewView.m */,
			);
			path = w8_AVFoundation_PhotoToVideo;
			sourceTree = "<group>";
		};
		A8F5EE2A1D51773400C6EAB7 /* Supporting Files */ = {
			isa = PBXGroup;
			children = (
				A8F5EE2B1D51773400C6EAB7 /* main.m */,
			);
			name = "Supporting Files";
			sourceTree = "<group>";
		};
/* End PBXGroup section */

/* Begin PBXNativeTarget section */
		A8F5EE261D51773400C6EAB7 /* w8_AVFoundation_PhotoToVideo */ = {
			isa = PBXNativeTarget;
			buildConfigurationList = A8F5EE3E1D51773400C6EAB7 /* Build configuration list for PBXNativeTarget "w8_AVFoundation_PhotoToVideo" */;
			buildPhases = (
				A8F5EE231D51773400C6EAB7 /* Sources */,
				A8F5EE241D51773400C6EAB7 /* Frameworks */,
				A8F5EE251D51773400C6EAB7 /* Resources */,
			);
			buildRules = (
			);
			dependencies = (
			);
			name = w8_AVFoundation_PhotoToVideo;
			productName = w8_AVFoundation_PhotoToVideo;
			productReference = A8F5EE271D51773400C6EAB7 /* w8_AVFoundation_PhotoToVideo.app */;
			productType = "com.apple.product-type.application";
		};
/* End PBXNativeTarget section */

/* Begin PBXProject section */
		A8F5EE1F1D51773300C6EAB7 /* Project object */ = {
			isa = PBXProject;
			attributes = {
				LastUpgradeCheck = 0730;
				ORGANIZATIONNAME = "Jay Im";
				TargetAttributes = {
					A8F5EE261D51773400C6EAB7 = {
						CreatedOnToolsVersion = 7.3.1;
					};
				};
			};
			buildConfigurationList = A8F5EE221D51773300C6EAB7 /* Build configuration list for PBXProject "w8_AVFoundation_PhotoToVideo" */;
			compatibilityVersion = "Xcode 3.2";
			developmentRegion = English;
			hasScannedForEncodings = 0;
			knownRegions = (
				en,
				Base,
			);
			mainGroup = A8F5EE1E1D51773300C6EAB7;
			productRefGroup = A8F5EE281D51773400C6EAB7 /* Products */;
			projectDirPath = "";
			projectRoot = "";
			targets = (
				A8F5EE261D51773400C6EAB7 /* w8_AVFoundation_PhotoToVideo */,
			);
		};
/* End PBXProject section */

/* Begin PBXResourcesBuildPhase section */
		A8F5EE251D51773400C6EAB7 /* Resources */ = {
			isa = PBXResourcesBuildPhase;
			buildActionMask = 2147483647;
			files = (
				A8F5EE3A1D51773400C6EAB7 /* LaunchScreen.storyboard in Resources */,
				A8F5EE371D51773400C6EAB7 /* Assets.xcassets in Resources */,
				A8F5EE351D51773400C6EAB7 /* Main.storyboard in Resources */,
			);
			runOnlyForDeploymentPostprocessing = 0;
		};
/* End PBXResourcesBuildPhase section */

/* Begin PBXSourcesBuildPhase section */
		A8F5EE231D51773400C6EAB7 /* Sources */ = {
			isa = PBXSourcesBuildPhase;
			buildActionMask = 2147483647;
			files = (
				A8F5EE571D519A1700C6EAB7 /* EJPreviewView.m in Sources */,
				A8F5EE431D51775100C6EAB7 /* MyImagePickerAppDelegate.m in Sources */,
				A8F5EE511D51814000C6EAB7 /* EJPhotoCell.m in Sources */,
				A8F5EE321D51773400C6EAB7 /* ViewController.m in Sources */,
				A8F5EE2F1D51773400C6EAB7 /* AppDelegate.m in Sources */,
				A8F5EE4C1D517D1D00C6EAB7 /* PageViewControllerData.m in Sources */,
				A8F5EE2C1D51773400C6EAB7 /* main.m in Sources */,
				A8F5EE461D517C4800C6EAB7 /* AlbumContentsViewController.m in Sources */,
				A8F5EE541D518A9100C6EAB7 /* EJVideoViewController.m in Sources */,
			);
			runOnlyForDeploymentPostprocessing = 0;
		};
/* End PBXSourcesBuildPhase section */

/* Begin PBXVariantGroup section */
		A8F5EE331D51773400C6EAB7 /* Main.storyboard */ = {
			isa = PBXVariantGroup;
			children = (
				A8F5EE341D51773400C6EAB7 /* Base */,
			);
			name = Main.storyboard;
			sourceTree = "<group>";
		};
		A8F5EE381D51773400C6EAB7 /* LaunchScreen.storyboard */ = {
			isa = PBXVariantGroup;
			children = (
				A8F5EE391D51773400C6EAB7 /* Base */,
			);
			name = LaunchScreen.storyboard;
			sourceTree = "<group>";
		};
/* End PBXVariantGroup section */

/* Begin XCBuildConfiguration section */
		A8F5EE3C1D51773400C6EAB7 /* Debug */ = {
			isa = XCBuildConfiguration;
			buildSettings = {
				ALWAYS_SEARCH_USER_PATHS = NO;
				CLANG_ANALYZER_NONNULL = YES;
				CLANG_CXX_LANGUAGE_STANDARD = "gnu++0x";
				CLANG_CXX_LIBRARY = "libc++";
				CLANG_ENABLE_MODULES = YES;
				CLANG_ENABLE_OBJC_ARC = YES;
				CLANG_WARN_BOOL_CONVERSION = YES;
				CLANG_WARN_CONSTANT_CONVERSION = YES;
				CLANG_WARN_DIRECT_OBJC_ISA_USAGE = YES_ERROR;
				CLANG_WARN_EMPTY_BODY = YES;
				CLANG_WARN_ENUM_CONVERSION = YES;
				CLANG_WARN_INT_CONVERSION = YES;
				CLANG_WARN_OBJC_ROOT_CLASS = YES_ERROR;
				CLANG_WARN_UNREACHABLE_CODE = YES;
				CLANG_WARN__DUPLICATE_METHOD_MATCH = YES;
				"CODE_SIGN_IDENTITY[sdk=iphoneos*]" = "iPhone Developer";
				COPY_PHASE_STRIP = NO;
				DEBUG_INFORMATION_FORMAT = dwarf;
				ENABLE_STRICT_OBJC_MSGSEND = YES;
				ENABLE_TESTABILITY = YES;
				GCC_C_LANGUAGE_STANDARD = gnu99;
				GCC_DYNAMIC_NO_PIC = NO;
				GCC_NO_COMMON_BLOCKS = YES;
				GCC_OPTIMIZATION_LEVEL = 0;
				GCC_PREPROCESSOR_DEFINITIONS = (
					"DEBUG=1",
					"$(inherited)",
				);
				GCC_WARN_64_TO_32_BIT_CONVERSION = YES;
				GCC_WARN_ABOUT_RETURN_TYPE = YES_ERROR;
				GCC_WARN_UNDECLARED_SELECTOR = YES;
				GCC_WARN_UNINITIALIZED_AUTOS = YES_AGGRESSIVE;
				GCC_WARN_UNUSED_FUNCTION = YES;
				GCC_WARN_UNUSED_VARIABLE = YES;
				IPHONEOS_DEPLOYMENT_TARGET = 9.3;
				MTL_ENABLE_DEBUG_INFO = YES;
				ONLY_ACTIVE_ARCH = YES;
				SDKROOT = iphoneos;
				TARGETED_DEVICE_FAMILY = "1,2";
			};
			name = Debug;
		};
		A8F5EE3D1D51773400C6EAB7 /* Release */ = {
			isa = XCBuildConfiguration;
			buildSettings = {
				ALWAYS_SEARCH_USER_PATHS = NO;
				CLANG_ANALYZER_NONNULL = YES;
				CLANG_CXX_LANGUAGE_STANDARD = "gnu++0x";
				CLANG_CXX_LIBRARY = "libc++";
				CLANG_ENABLE_MODULES = YES;
				CLANG_ENABLE_OBJC_ARC = YES;
				CLANG_WARN_BOOL_CONVERSION = YES;
				CLANG_WARN_CONSTANT_CONVERSION = YES;
				CLANG_WARN_DIRECT_OBJC_ISA_USAGE = YES_ERROR;
				CLANG_WARN_EMPTY_BODY = YES;
				CLANG_WARN_ENUM_CONVERSION = YES;
				CLANG_WARN_INT_CONVERSION = YES;
				CLANG_WARN_OBJC_ROOT_CLASS = YES_ERROR;
				CLANG_WARN_UNREACHABLE_CODE = YES;
				CLANG_WARN__DUPLICATE_METHOD_MATCH = YES;
				"CODE_SIGN_IDENTITY[sdk=iphoneos*]" = "iPhone Developer";
				COPY_PHASE_STRIP = NO;
				DEBUG_INFORMATION_FORMAT = "dwarf-with-dsym";
				ENABLE_NS_ASSERTIONS = NO;
				ENABLE_STRICT_OBJC_MSGSEND = YES;
				GCC_C_LANGUAGE_STANDARD = gnu99;
				GCC_NO_COMMON_BLOCKS = YES;
				GCC_WARN_64_TO_32_BIT_CONVERSION = YES;
				GCC_WARN_ABOUT_RETURN_TYPE = YES_ERROR;
				GCC_WARN_UNDECLARED_SELECTOR = YES;
				GCC_WARN_UNINITIALIZED_AUTOS = YES_AGGRESSIVE;
				GCC_WARN_UNUSED_FUNCTION = YES;
				GCC_WARN_UNUSED_VARIABLE = YES;
				IPHONEOS_DEPLOYMENT_TARGET = 9.3;
				MTL_ENABLE_DEBUG_INFO = NO;
				SDKROOT = iphoneos;
				TARGETED_DEVICE_FAMILY = "1,2";
				VALIDATE_PRODUCT = YES;
			};
			name = Release;
		};
		A8F5EE3F1D51773400C6EAB7 /* Debug */ = {
			isa = XCBuildConfiguration;
			buildSettings = {
				ASSETCATALOG_COMPILER_APPICON_NAME = AppIcon;
				INFOPLIST_FILE = w8_AVFoundation_PhotoToVideo/Info.plist;
				LD_RUNPATH_SEARCH_PATHS = "$(inherited) @executable_path/Frameworks";
				PRODUCT_BUNDLE_IDENTIFIER = "org.nhnnext.w8-AVFoundation-PhotoToVideo";
				PRODUCT_NAME = "$(TARGET_NAME)";
			};
			name = Debug;
		};
		A8F5EE401D51773400C6EAB7 /* Release */ = {
			isa = XCBuildConfiguration;
			buildSettings = {
				ASSETCATALOG_COMPILER_APPICON_NAME = AppIcon;
				INFOPLIST_FILE = w8_AVFoundation_PhotoToVideo/Info.plist;
				LD_RUNPATH_SEARCH_PATHS = "$(inherited) @executable_path/Frameworks";
				PRODUCT_BUNDLE_IDENTIFIER = "org.nhnnext.w8-AVFoundation-PhotoToVideo";
				PRODUCT_NAME = "$(TARGET_NAME)";
			};
			name = Release;
		};
/* End XCBuildConfiguration section */

/* Begin XCConfigurationList section */
		A8F5EE221D51773300C6EAB7 /* Build configuration list for PBXProject "w8_AVFoundation_PhotoToVideo" */ = {
			isa = XCConfigurationList;
			buildConfigurations = (
				A8F5EE3C1D51773400C6EAB7 /* Debug */,
				A8F5EE3D1D51773400C6EAB7 /* Release */,
			);
			defaultConfigurationIsVisible = 0;
			defaultConfigurationName = Release;
		};
		A8F5EE3E1D51773400C6EAB7 /* Build configuration list for PBXNativeTarget "w8_AVFoundation_PhotoToVideo" */ = {
			isa = XCConfigurationList;
			buildConfigurations = (
				A8F5EE3F1D51773400C6EAB7 /* Debug */,
				A8F5EE401D51773400C6EAB7 /* Release */,
			);
			defaultConfigurationIsVisible = 0;
		};
/* End XCConfigurationList section */
	};
	rootObject = A8F5EE1F1D51773300C6EAB7 /* Project object */;
}
