// !$*UTF8*$!
{
	archiveVersion = 1;
	classes = {
	};
	objectVersion = 46;
	objects = {

/* Begin PBXBuildFile section */
		A8CD4C491D1A1D8600DDF16D /* main.m in Sources */ = {isa = PBXBuildFile; fileRef = A8CD4C481D1A1D8600DDF16D /* main.m */; };
		A8CD4C4C1D1A1D8600DDF16D /* AppDelegate.m in Sources */ = {isa = PBXBuildFile; fileRef = A8CD4C4B1D1A1D8600DDF16D /* AppDelegate.m */; };
		A8CD4C4F1D1A1D8600DDF16D /* ViewController.m in Sources */ = {isa = PBXBuildFile; fileRef = A8CD4C4E1D1A1D8600DDF16D /* ViewController.m */; };
		A8CD4C521D1A1D8600DDF16D /* Main.storyboard in Resources */ = {isa = PBXBuildFile; fileRef = A8CD4C501D1A1D8600DDF16D /* Main.storyboard */; };
		A8CD4C541D1A1D8600DDF16D /* Assets.xcassets in Resources */ = {isa = PBXBuildFile; fileRef = A8CD4C531D1A1D8600DDF16D /* Assets.xcassets */; };
		A8CD4C571D1A1D8600DDF16D /* LaunchScreen.storyboard in Resources */ = {isa = PBXBuildFile; fileRef = A8CD4C551D1A1D8600DDF16D /* LaunchScreen.storyboard */; };
		A8CD4C601D1A1DE500DDF16D /* NSString+Additional.m in Sources */ = {isa = PBXBuildFile; fileRef = A8CD4C5F1D1A1DE500DDF16D /* NSString+Additional.m */; };
/* End PBXBuildFile section */

/* Begin PBXFileReference section */
		A8CD4C441D1A1D8600DDF16D /* w2_category.app */ = {isa = PBXFileReference; explicitFileType = wrapper.application; includeInIndex = 0; path = w2_category.app; sourceTree = BUILT_PRODUCTS_DIR; };
		A8CD4C481D1A1D8600DDF16D /* main.m */ = {isa = PBXFileReference; lastKnownFileType = sourcecode.c.objc; path = main.m; sourceTree = "<group>"; };
		A8CD4C4A1D1A1D8600DDF16D /* AppDelegate.h */ = {isa = PBXFileReference; lastKnownFileType = sourcecode.c.h; path = AppDelegate.h; sourceTree = "<group>"; };
		A8CD4C4B1D1A1D8600DDF16D /* AppDelegate.m */ = {isa = PBXFileReference; lastKnownFileType = sourcecode.c.objc; path = AppDelegate.m; sourceTree = "<group>"; };
		A8CD4C4D1D1A1D8600DDF16D /* ViewController.h */ = {isa = PBXFileReference; lastKnownFileType = sourcecode.c.h; path = ViewController.h; sourceTree = "<group>"; };
		A8CD4C4E1D1A1D8600DDF16D /* ViewController.m */ = {isa = PBXFileReference; lastKnownFileType = sourcecode.c.objc; path = ViewController.m; sourceTree = "<group>"; };
		A8CD4C511D1A1D8600DDF16D /* Base */ = {isa = PBXFileReference; lastKnownFileType = file.storyboard; name = Base; path = Base.lproj/Main.storyboard; sourceTree = "<group>"; };
		A8CD4C531D1A1D8600DDF16D /* Assets.xcassets */ = {isa = PBXFileReference; lastKnownFileType = folder.assetcatalog; path = Assets.xcassets; sourceTree = "<group>"; };
		A8CD4C561D1A1D8600DDF16D /* Base */ = {isa = PBXFileReference; lastKnownFileType = file.storyboard; name = Base; path = Base.lproj/LaunchScreen.storyboard; sourceTree = "<group>"; };
		A8CD4C581D1A1D8600DDF16D /* Info.plist */ = {isa = PBXFileReference; lastKnownFileType = text.plist.xml; path = Info.plist; sourceTree = "<group>"; };
		A8CD4C5E1D1A1DE500DDF16D /* NSString+Additional.h */ = {isa = PBXFileReference; fileEncoding = 4; lastKnownFileType = sourcecode.c.h; path = "NSString+Additional.h"; sourceTree = "<group>"; };
		A8CD4C5F1D1A1DE500DDF16D /* NSString+Additional.m */ = {isa = PBXFileReference; fileEncoding = 4; lastKnownFileType = sourcecode.c.objc; path = "NSString+Additional.m"; sourceTree = "<group>"; };
/* End PBXFileReference section */

/* Begin PBXFrameworksBuildPhase section */
		A8CD4C411D1A1D8600DDF16D /* Frameworks */ = {
			isa = PBXFrameworksBuildPhase;
			buildActionMask = 2147483647;
			files = (
			);
			runOnlyForDeploymentPostprocessing = 0;
		};
/* End PBXFrameworksBuildPhase section */

/* Begin PBXGroup section */
		A8CD4C3B1D1A1D8500DDF16D = {
			isa = PBXGroup;
			children = (
				A8CD4C461D1A1D8600DDF16D /* w2_category */,
				A8CD4C451D1A1D8600DDF16D /* Products */,
			);
			sourceTree = "<group>";
		};
		A8CD4C451D1A1D8600DDF16D /* Products */ = {
			isa = PBXGroup;
			children = (
				A8CD4C441D1A1D8600DDF16D /* w2_category.app */,
			);
			name = Products;
			sourceTree = "<group>";
		};
		A8CD4C461D1A1D8600DDF16D /* w2_category */ = {
			isa = PBXGroup;
			children = (
				A8CD4C4A1D1A1D8600DDF16D /* AppDelegate.h */,
				A8CD4C4B1D1A1D8600DDF16D /* AppDelegate.m */,
				A8CD4C4D1D1A1D8600DDF16D /* ViewController.h */,
				A8CD4C4E1D1A1D8600DDF16D /* ViewController.m */,
				A8CD4C5E1D1A1DE500DDF16D /* NSString+Additional.h */,
				A8CD4C5F1D1A1DE500DDF16D /* NSString+Additional.m */,
				A8CD4C501D1A1D8600DDF16D /* Main.storyboard */,
				A8CD4C531D1A1D8600DDF16D /* Assets.xcassets */,
				A8CD4C551D1A1D8600DDF16D /* LaunchScreen.storyboard */,
				A8CD4C581D1A1D8600DDF16D /* Info.plist */,
				A8CD4C471D1A1D8600DDF16D /* Supporting Files */,
			);
			path = w2_category;
			sourceTree = "<group>";
		};
		A8CD4C471D1A1D8600DDF16D /* Supporting Files */ = {
			isa = PBXGroup;
			children = (
				A8CD4C481D1A1D8600DDF16D /* main.m */,
			);
			name = "Supporting Files";
			sourceTree = "<group>";
		};
/* End PBXGroup section */

/* Begin PBXNativeTarget section */
		A8CD4C431D1A1D8600DDF16D /* w2_category */ = {
			isa = PBXNativeTarget;
			buildConfigurationList = A8CD4C5B1D1A1D8600DDF16D /* Build configuration list for PBXNativeTarget "w2_category" */;
			buildPhases = (
				A8CD4C401D1A1D8600DDF16D /* Sources */,
				A8CD4C411D1A1D8600DDF16D /* Frameworks */,
				A8CD4C421D1A1D8600DDF16D /* Resources */,
			);
			buildRules = (
			);
			dependencies = (
			);
			name = w2_category;
			productName = w2_category;
			productReference = A8CD4C441D1A1D8600DDF16D /* w2_category.app */;
			productType = "com.apple.product-type.application";
		};
/* End PBXNativeTarget section */

/* Begin PBXProject section */
		A8CD4C3C1D1A1D8500DDF16D /* Project object */ = {
			isa = PBXProject;
			attributes = {
				LastUpgradeCheck = 0730;
				ORGANIZATIONNAME = "Jay Im";
				TargetAttributes = {
					A8CD4C431D1A1D8600DDF16D = {
						CreatedOnToolsVersion = 7.3.1;
					};
				};
			};
			buildConfigurationList = A8CD4C3F1D1A1D8500DDF16D /* Build configuration list for PBXProject "w2_category" */;
			compatibilityVersion = "Xcode 3.2";
			developmentRegion = English;
			hasScannedForEncodings = 0;
			knownRegions = (
				en,
				Base,
			);
			mainGroup = A8CD4C3B1D1A1D8500DDF16D;
			productRefGroup = A8CD4C451D1A1D8600DDF16D /* Products */;
			projectDirPath = "";
			projectRoot = "";
			targets = (
				A8CD4C431D1A1D8600DDF16D /* w2_category */,
			);
		};
/* End PBXProject section */

/* Begin PBXResourcesBuildPhase section */
		A8CD4C421D1A1D8600DDF16D /* Resources */ = {
			isa = PBXResourcesBuildPhase;
			buildActionMask = 2147483647;
			files = (
				A8CD4C571D1A1D8600DDF16D /* LaunchScreen.storyboard in Resources */,
				A8CD4C541D1A1D8600DDF16D /* Assets.xcassets in Resources */,
				A8CD4C521D1A1D8600DDF16D /* Main.storyboard in Resources */,
			);
			runOnlyForDeploymentPostprocessing = 0;
		};
/* End PBXResourcesBuildPhase section */

/* Begin PBXSourcesBuildPhase section */
		A8CD4C401D1A1D8600DDF16D /* Sources */ = {
			isa = PBXSourcesBuildPhase;
			buildActionMask = 2147483647;
			files = (
				A8CD4C601D1A1DE500DDF16D /* NSString+Additional.m in Sources */,
				A8CD4C4F1D1A1D8600DDF16D /* ViewController.m in Sources */,
				A8CD4C4C1D1A1D8600DDF16D /* AppDelegate.m in Sources */,
				A8CD4C491D1A1D8600DDF16D /* main.m in Sources */,
			);
			runOnlyForDeploymentPostprocessing = 0;
		};
/* End PBXSourcesBuildPhase section */

/* Begin PBXVariantGroup section */
		A8CD4C501D1A1D8600DDF16D /* Main.storyboard */ = {
			isa = PBXVariantGroup;
			children = (
				A8CD4C511D1A1D8600DDF16D /* Base */,
			);
			name = Main.storyboard;
			sourceTree = "<group>";
		};
		A8CD4C551D1A1D8600DDF16D /* LaunchScreen.storyboard */ = {
			isa = PBXVariantGroup;
			children = (
				A8CD4C561D1A1D8600DDF16D /* Base */,
			);
			name = LaunchScreen.storyboard;
			sourceTree = "<group>";
		};
/* End PBXVariantGroup section */

/* Begin XCBuildConfiguration section */
		A8CD4C591D1A1D8600DDF16D /* Debug */ = {
			isa = XCBuildConfiguration;
			buildSettings = {
				ALWAYS_SEARCH_USER_PATHS = NO;
				CLANG_ANALYZER_NONNULL = YES;
				CLANG_CXX_LANGUAGE_STANDARD = "gnu++0x";
				CLANG_CXX_LIBRARY = "libc++";
				CLANG_ENABLE_MODULES = YES;
				CLANG_ENABLE_OBJC_ARC = YES;
				CLANG_WARN_BOOL_CONVERSION = YES;
				CLANG_WARN_CONSTANT_CONVERSION = YES;
				CLANG_WARN_DIRECT_OBJC_ISA_USAGE = YES_ERROR;
				CLANG_WARN_EMPTY_BODY = YES;
				CLANG_WARN_ENUM_CONVERSION = YES;
				CLANG_WARN_INT_CONVERSION = YES;
				CLANG_WARN_OBJC_ROOT_CLASS = YES_ERROR;
				CLANG_WARN_UNREACHABLE_CODE = YES;
				CLANG_WARN__DUPLICATE_METHOD_MATCH = YES;
				"CODE_SIGN_IDENTITY[sdk=iphoneos*]" = "iPhone Developer";
				COPY_PHASE_STRIP = NO;
				DEBUG_INFORMATION_FORMAT = dwarf;
				ENABLE_STRICT_OBJC_MSGSEND = YES;
				ENABLE_TESTABILITY = YES;
				GCC_C_LANGUAGE_STANDARD = gnu99;
				GCC_DYNAMIC_NO_PIC = NO;
				GCC_NO_COMMON_BLOCKS = YES;
				GCC_OPTIMIZATION_LEVEL = 0;
				GCC_PREPROCESSOR_DEFINITIONS = (
					"DEBUG=1",
					"$(inherited)",
				);
				GCC_WARN_64_TO_32_BIT_CONVERSION = YES;
				GCC_WARN_ABOUT_RETURN_TYPE = YES_ERROR;
				GCC_WARN_UNDECLARED_SELECTOR = YES;
				GCC_WARN_UNINITIALIZED_AUTOS = YES_AGGRESSIVE;
				GCC_WARN_UNUSED_FUNCTION = YES;
				GCC_WARN_UNUSED_VARIABLE = YES;
				IPHONEOS_DEPLOYMENT_TARGET = 9.3;
				MTL_ENABLE_DEBUG_INFO = YES;
				ONLY_ACTIVE_ARCH = YES;
				SDKROOT = iphoneos;
				TARGETED_DEVICE_FAMILY = "1,2";
			};
			name = Debug;
		};
		A8CD4C5A1D1A1D8600DDF16D /* Release */ = {
			isa = XCBuildConfiguration;
			buildSettings = {
				ALWAYS_SEARCH_USER_PATHS = NO;
				CLANG_ANALYZER_NONNULL = YES;
				CLANG_CXX_LANGUAGE_STANDARD = "gnu++0x";
				CLANG_CXX_LIBRARY = "libc++";
				CLANG_ENABLE_MODULES = YES;
				CLANG_ENABLE_OBJC_ARC = YES;
				CLANG_WARN_BOOL_CONVERSION = YES;
				CLANG_WARN_CONSTANT_CONVERSION = YES;
				CLANG_WARN_DIRECT_OBJC_ISA_USAGE = YES_ERROR;
				CLANG_WARN_EMPTY_BODY = YES;
				CLANG_WARN_ENUM_CONVERSION = YES;
				CLANG_WARN_INT_CONVERSION = YES;
				CLANG_WARN_OBJC_ROOT_CLASS = YES_ERROR;
				CLANG_WARN_UNREACHABLE_CODE = YES;
				CLANG_WARN__DUPLICATE_METHOD_MATCH = YES;
				"CODE_SIGN_IDENTITY[sdk=iphoneos*]" = "iPhone Developer";
				COPY_PHASE_STRIP = NO;
				DEBUG_INFORMATION_FORMAT = "dwarf-with-dsym";
				ENABLE_NS_ASSERTIONS = NO;
				ENABLE_STRICT_OBJC_MSGSEND = YES;
				GCC_C_LANGUAGE_STANDARD = gnu99;
				GCC_NO_COMMON_BLOCKS = YES;
				GCC_WARN_64_TO_32_BIT_CONVERSION = YES;
				GCC_WARN_ABOUT_RETURN_TYPE = YES_ERROR;
				GCC_WARN_UNDECLARED_SELECTOR = YES;
				GCC_WARN_UNINITIALIZED_AUTOS = YES_AGGRESSIVE;
				GCC_WARN_UNUSED_FUNCTION = YES;
				GCC_WARN_UNUSED_VARIABLE = YES;
				IPHONEOS_DEPLOYMENT_TARGET = 9.3;
				MTL_ENABLE_DEBUG_INFO = NO;
				SDKROOT = iphoneos;
				TARGETED_DEVICE_FAMILY = "1,2";
				VALIDATE_PRODUCT = YES;
			};
			name = Release;
		};
		A8CD4C5C1D1A1D8600DDF16D /* Debug */ = {
			isa = XCBuildConfiguration;
			buildSettings = {
				ASSETCATALOG_COMPILER_APPICON_NAME = AppIcon;
				INFOPLIST_FILE = w2_category/Info.plist;
				LD_RUNPATH_SEARCH_PATHS = "$(inherited) @executable_path/Frameworks";
				PRODUCT_BUNDLE_IDENTIFIER = "org.nhnnext.w2-category";
				PRODUCT_NAME = "$(TARGET_NAME)";
			};
			name = Debug;
		};
		A8CD4C5D1D1A1D8600DDF16D /* Release */ = {
			isa = XCBuildConfiguration;
			buildSettings = {
				ASSETCATALOG_COMPILER_APPICON_NAME = AppIcon;
				INFOPLIST_FILE = w2_category/Info.plist;
				LD_RUNPATH_SEARCH_PATHS = "$(inherited) @executable_path/Frameworks";
				PRODUCT_BUNDLE_IDENTIFIER = "org.nhnnext.w2-category";
				PRODUCT_NAME = "$(TARGET_NAME)";
			};
			name = Release;
		};
/* End XCBuildConfiguration section */

/* Begin XCConfigurationList section */
		A8CD4C3F1D1A1D8500DDF16D /* Build configuration list for PBXProject "w2_category" */ = {
			isa = XCConfigurationList;
			buildConfigurations = (
				A8CD4C591D1A1D8600DDF16D /* Debug */,
				A8CD4C5A1D1A1D8600DDF16D /* Release */,
			);
			defaultConfigurationIsVisible = 0;
			defaultConfigurationName = Release;
		};
		A8CD4C5B1D1A1D8600DDF16D /* Build configuration list for PBXNativeTarget "w2_category" */ = {
			isa = XCConfigurationList;
			buildConfigurations = (
				A8CD4C5C1D1A1D8600DDF16D /* Debug */,
				A8CD4C5D1D1A1D8600DDF16D /* Release */,
			);
			defaultConfigurationIsVisible = 0;
		};
/* End XCConfigurationList section */
	};
	rootObject = A8CD4C3C1D1A1D8500DDF16D /* Project object */;
}
