// !$*UTF8*$!
{
	archiveVersion = 1;
	classes = {
	};
	objectVersion = 46;
	objects = {

/* Begin PBXBuildFile section */
		A803B5081D3F05CF00E83C4D /* main.m in Sources */ = {isa = PBXBuildFile; fileRef = A803B5071D3F05CF00E83C4D /* main.m */; };
		A803B50B1D3F05CF00E83C4D /* AppDelegate.m in Sources */ = {isa = PBXBuildFile; fileRef = A803B50A1D3F05CF00E83C4D /* AppDelegate.m */; };
		A803B50E1D3F05CF00E83C4D /* ViewController.m in Sources */ = {isa = PBXBuildFile; fileRef = A803B50D1D3F05CF00E83C4D /* ViewController.m */; };
		A803B5111D3F05CF00E83C4D /* Main.storyboard in Resources */ = {isa = PBXBuildFile; fileRef = A803B50F1D3F05CF00E83C4D /* Main.storyboard */; };
		A803B5131D3F05CF00E83C4D /* Assets.xcassets in Resources */ = {isa = PBXBuildFile; fileRef = A803B5121D3F05CF00E83C4D /* Assets.xcassets */; };
		A803B5161D3F05CF00E83C4D /* LaunchScreen.storyboard in Resources */ = {isa = PBXBuildFile; fileRef = A803B5141D3F05CF00E83C4D /* LaunchScreen.storyboard */; };
		A803B51F1D3F079F00E83C4D /* SetupViewController.m in Sources */ = {isa = PBXBuildFile; fileRef = A803B51E1D3F079F00E83C4D /* SetupViewController.m */; };
		A803B5271D3F130800E83C4D /* NotificationCenter.framework in Frameworks */ = {isa = PBXBuildFile; fileRef = A803B5261D3F130800E83C4D /* NotificationCenter.framework */; };
		A803B52B1D3F130800E83C4D /* TodayViewController.m in Sources */ = {isa = PBXBuildFile; fileRef = A803B52A1D3F130800E83C4D /* TodayViewController.m */; };
		A803B52E1D3F130800E83C4D /* MainInterface.storyboard in Resources */ = {isa = PBXBuildFile; fileRef = A803B52C1D3F130800E83C4D /* MainInterface.storyboard */; };
		A803B5321D3F130800E83C4D /* w6_app_extension_today.appex in Embed App Extensions */ = {isa = PBXBuildFile; fileRef = A803B5241D3F130800E83C4D /* w6_app_extension_today.appex */; settings = {ATTRIBUTES = (RemoveHeadersOnCopy, ); }; };
		A803B53F1D3F3AAD00E83C4D /* EJDateManager.m in Sources */ = {isa = PBXBuildFile; fileRef = A803B53E1D3F3AAD00E83C4D /* EJDateManager.m */; };
		A803B5401D3F3AAD00E83C4D /* EJDateManager.m in Sources */ = {isa = PBXBuildFile; fileRef = A803B53E1D3F3AAD00E83C4D /* EJDateManager.m */; };
/* End PBXBuildFile section */

/* Begin PBXContainerItemProxy section */
		A803B5301D3F130800E83C4D /* PBXContainerItemProxy */ = {
			isa = PBXContainerItemProxy;
			containerPortal = A803B4FB1D3F05CE00E83C4D /* Project object */;
			proxyType = 1;
			remoteGlobalIDString = A803B5231D3F130800E83C4D;
			remoteInfo = w6_app_extension_today;
		};
/* End PBXContainerItemProxy section */

/* Begin PBXCopyFilesBuildPhase section */
		A803B5361D3F130800E83C4D /* Embed App Extensions */ = {
			isa = PBXCopyFilesBuildPhase;
			buildActionMask = 2147483647;
			dstPath = "";
			dstSubfolderSpec = 13;
			files = (
				A803B5321D3F130800E83C4D /* w6_app_extension_today.appex in Embed App Extensions */,
			);
			name = "Embed App Extensions";
			runOnlyForDeploymentPostprocessing = 0;
		};
/* End PBXCopyFilesBuildPhase section */

/* Begin PBXFileReference section */
		A803B5031D3F05CF00E83C4D /* w6_app_extension.app */ = {isa = PBXFileReference; explicitFileType = wrapper.application; includeInIndex = 0; path = w6_app_extension.app; sourceTree = BUILT_PRODUCTS_DIR; };
		A803B5071D3F05CF00E83C4D /* main.m */ = {isa = PBXFileReference; lastKnownFileType = sourcecode.c.objc; path = main.m; sourceTree = "<group>"; };
		A803B5091D3F05CF00E83C4D /* AppDelegate.h */ = {isa = PBXFileReference; lastKnownFileType = sourcecode.c.h; path = AppDelegate.h; sourceTree = "<group>"; };
		A803B50A1D3F05CF00E83C4D /* AppDelegate.m */ = {isa = PBXFileReference; lastKnownFileType = sourcecode.c.objc; path = AppDelegate.m; sourceTree = "<group>"; };
		A803B50C1D3F05CF00E83C4D /* ViewController.h */ = {isa = PBXFileReference; lastKnownFileType = sourcecode.c.h; path = ViewController.h; sourceTree = "<group>"; };
		A803B50D1D3F05CF00E83C4D /* ViewController.m */ = {isa = PBXFileReference; lastKnownFileType = sourcecode.c.objc; path = ViewController.m; sourceTree = "<group>"; };
		A803B5101D3F05CF00E83C4D /* Base */ = {isa = PBXFileReference; lastKnownFileType = file.storyboard; name = Base; path = Base.lproj/Main.storyboard; sourceTree = "<group>"; };
		A803B5121D3F05CF00E83C4D /* Assets.xcassets */ = {isa = PBXFileReference; lastKnownFileType = folder.assetcatalog; path = Assets.xcassets; sourceTree = "<group>"; };
		A803B5151D3F05CF00E83C4D /* Base */ = {isa = PBXFileReference; lastKnownFileType = file.storyboard; name = Base; path = Base.lproj/LaunchScreen.storyboard; sourceTree = "<group>"; };
		A803B5171D3F05CF00E83C4D /* Info.plist */ = {isa = PBXFileReference; lastKnownFileType = text.plist.xml; path = Info.plist; sourceTree = "<group>"; };
		A803B51D1D3F079F00E83C4D /* SetupViewController.h */ = {isa = PBXFileReference; fileEncoding = 4; lastKnownFileType = sourcecode.c.h; path = SetupViewController.h; sourceTree = "<group>"; };
		A803B51E1D3F079F00E83C4D /* SetupViewController.m */ = {isa = PBXFileReference; fileEncoding = 4; lastKnownFileType = sourcecode.c.objc; path = SetupViewController.m; sourceTree = "<group>"; };
		A803B5241D3F130800E83C4D /* w6_app_extension_today.appex */ = {isa = PBXFileReference; explicitFileType = "wrapper.app-extension"; includeInIndex = 0; path = w6_app_extension_today.appex; sourceTree = BUILT_PRODUCTS_DIR; };
		A803B5261D3F130800E83C4D /* NotificationCenter.framework */ = {isa = PBXFileReference; lastKnownFileType = wrapper.framework; name = NotificationCenter.framework; path = System/Library/Frameworks/NotificationCenter.framework; sourceTree = SDKROOT; };
		A803B5291D3F130800E83C4D /* TodayViewController.h */ = {isa = PBXFileReference; lastKnownFileType = sourcecode.c.h; path = TodayViewController.h; sourceTree = "<group>"; };
		A803B52A1D3F130800E83C4D /* TodayViewController.m */ = {isa = PBXFileReference; lastKnownFileType = sourcecode.c.objc; path = TodayViewController.m; sourceTree = "<group>"; };
		A803B52D1D3F130800E83C4D /* Base */ = {isa = PBXFileReference; lastKnownFileType = file.storyboard; name = Base; path = Base.lproj/MainInterface.storyboard; sourceTree = "<group>"; };
		A803B52F1D3F130800E83C4D /* Info.plist */ = {isa = PBXFileReference; lastKnownFileType = text.plist.xml; path = Info.plist; sourceTree = "<group>"; };
		A803B5371D3F141100E83C4D /* w6_app_extension_today.entitlements */ = {isa = PBXFileReference; lastKnownFileType = text.xml; path = w6_app_extension_today.entitlements; sourceTree = "<group>"; };
		A803B5381D3F167200E83C4D /* w6_app_extension.entitlements */ = {isa = PBXFileReference; lastKnownFileType = text.xml; path = w6_app_extension.entitlements; sourceTree = "<group>"; };
		A803B53D1D3F3AAD00E83C4D /* EJDateManager.h */ = {isa = PBXFileReference; fileEncoding = 4; lastKnownFileType = sourcecode.c.h; path = EJDateManager.h; sourceTree = "<group>"; };
		A803B53E1D3F3AAD00E83C4D /* EJDateManager.m */ = {isa = PBXFileReference; fileEncoding = 4; lastKnownFileType = sourcecode.c.objc; path = EJDateManager.m; sourceTree = "<group>"; };
/* End PBXFileReference section */

/* Begin PBXFrameworksBuildPhase section */
		A803B5001D3F05CE00E83C4D /* Frameworks */ = {
			isa = PBXFrameworksBuildPhase;
			buildActionMask = 2147483647;
			files = (
			);
			runOnlyForDeploymentPostprocessing = 0;
		};
		A803B5211D3F130800E83C4D /* Frameworks */ = {
			isa = PBXFrameworksBuildPhase;
			buildActionMask = 2147483647;
			files = (
				A803B5271D3F130800E83C4D /* NotificationCenter.framework in Frameworks */,
			);
			runOnlyForDeploymentPostprocessing = 0;
		};
/* End PBXFrameworksBuildPhase section */

/* Begin PBXGroup section */
		A803B4FA1D3F05CE00E83C4D = {
			isa = PBXGroup;
			children = (
				A803B5051D3F05CF00E83C4D /* w6_app_extension */,
				A803B5281D3F130800E83C4D /* w6_app_extension_today */,
				A803B5251D3F130800E83C4D /* Frameworks */,
				A803B5041D3F05CF00E83C4D /* Products */,
			);
			sourceTree = "<group>";
		};
		A803B5041D3F05CF00E83C4D /* Products */ = {
			isa = PBXGroup;
			children = (
				A803B5031D3F05CF00E83C4D /* w6_app_extension.app */,
				A803B5241D3F130800E83C4D /* w6_app_extension_today.appex */,
			);
			name = Products;
			sourceTree = "<group>";
		};
		A803B5051D3F05CF00E83C4D /* w6_app_extension */ = {
			isa = PBXGroup;
			children = (
				A803B5381D3F167200E83C4D /* w6_app_extension.entitlements */,
				A803B5091D3F05CF00E83C4D /* AppDelegate.h */,
				A803B50A1D3F05CF00E83C4D /* AppDelegate.m */,
				A803B50C1D3F05CF00E83C4D /* ViewController.h */,
				A803B50D1D3F05CF00E83C4D /* ViewController.m */,
				A803B50F1D3F05CF00E83C4D /* Main.storyboard */,
				A803B5121D3F05CF00E83C4D /* Assets.xcassets */,
				A803B5141D3F05CF00E83C4D /* LaunchScreen.storyboard */,
				A803B5171D3F05CF00E83C4D /* Info.plist */,
				A803B5061D3F05CF00E83C4D /* Supporting Files */,
				A803B51D1D3F079F00E83C4D /* SetupViewController.h */,
				A803B51E1D3F079F00E83C4D /* SetupViewController.m */,
				A803B53D1D3F3AAD00E83C4D /* EJDateManager.h */,
				A803B53E1D3F3AAD00E83C4D /* EJDateManager.m */,
			);
			path = w6_app_extension;
			sourceTree = "<group>";
		};
		A803B5061D3F05CF00E83C4D /* Supporting Files */ = {
			isa = PBXGroup;
			children = (
				A803B5071D3F05CF00E83C4D /* main.m */,
			);
			name = "Supporting Files";
			sourceTree = "<group>";
		};
		A803B5251D3F130800E83C4D /* Frameworks */ = {
			isa = PBXGroup;
			children = (
				A803B5261D3F130800E83C4D /* NotificationCenter.framework */,
			);
			name = Frameworks;
			sourceTree = "<group>";
		};
		A803B5281D3F130800E83C4D /* w6_app_extension_today */ = {
			isa = PBXGroup;
			children = (
				A803B5371D3F141100E83C4D /* w6_app_extension_today.entitlements */,
				A803B5291D3F130800E83C4D /* TodayViewController.h */,
				A803B52A1D3F130800E83C4D /* TodayViewController.m */,
				A803B52C1D3F130800E83C4D /* MainInterface.storyboard */,
				A803B52F1D3F130800E83C4D /* Info.plist */,
			);
			path = w6_app_extension_today;
			sourceTree = "<group>";
		};
/* End PBXGroup section */

/* Begin PBXNativeTarget section */
		A803B5021D3F05CE00E83C4D /* w6_app_extension */ = {
			isa = PBXNativeTarget;
			buildConfigurationList = A803B51A1D3F05CF00E83C4D /* Build configuration list for PBXNativeTarget "w6_app_extension" */;
			buildPhases = (
				A803B4FF1D3F05CE00E83C4D /* Sources */,
				A803B5001D3F05CE00E83C4D /* Frameworks */,
				A803B5011D3F05CE00E83C4D /* Resources */,
				A803B5361D3F130800E83C4D /* Embed App Extensions */,
			);
			buildRules = (
			);
			dependencies = (
				A803B5311D3F130800E83C4D /* PBXTargetDependency */,
			);
			name = w6_app_extension;
			productName = w6_app_extension;
			productReference = A803B5031D3F05CF00E83C4D /* w6_app_extension.app */;
			productType = "com.apple.product-type.application";
		};
		A803B5231D3F130800E83C4D /* w6_app_extension_today */ = {
			isa = PBXNativeTarget;
			buildConfigurationList = A803B5331D3F130800E83C4D /* Build configuration list for PBXNativeTarget "w6_app_extension_today" */;
			buildPhases = (
				A803B5201D3F130800E83C4D /* Sources */,
				A803B5211D3F130800E83C4D /* Frameworks */,
				A803B5221D3F130800E83C4D /* Resources */,
			);
			buildRules = (
			);
			dependencies = (
			);
			name = w6_app_extension_today;
			productName = w6_app_extension_today;
			productReference = A803B5241D3F130800E83C4D /* w6_app_extension_today.appex */;
			productType = "com.apple.product-type.app-extension";
		};
/* End PBXNativeTarget section */

/* Begin PBXProject section */
		A803B4FB1D3F05CE00E83C4D /* Project object */ = {
			isa = PBXProject;
			attributes = {
				LastUpgradeCheck = 0730;
				ORGANIZATIONNAME = "Jay Im";
				TargetAttributes = {
					A803B5021D3F05CE00E83C4D = {
						CreatedOnToolsVersion = 7.3.1;
						DevelopmentTeam = 39WT95YDMW;
						SystemCapabilities = {
							com.apple.ApplicationGroups.iOS = {
								enabled = 1;
							};
						};
					};
					A803B5231D3F130800E83C4D = {
						CreatedOnToolsVersion = 7.3.1;
						DevelopmentTeam = 39WT95YDMW;
						SystemCapabilities = {
							com.apple.ApplicationGroups.iOS = {
								enabled = 1;
							};
						};
					};
				};
			};
			buildConfigurationList = A803B4FE1D3F05CE00E83C4D /* Build configuration list for PBXProject "w6_app_extension" */;
			compatibilityVersion = "Xcode 3.2";
			developmentRegion = English;
			hasScannedForEncodings = 0;
			knownRegions = (
				en,
				Base,
			);
			mainGroup = A803B4FA1D3F05CE00E83C4D;
			productRefGroup = A803B5041D3F05CF00E83C4D /* Products */;
			projectDirPath = "";
			projectRoot = "";
			targets = (
				A803B5021D3F05CE00E83C4D /* w6_app_extension */,
				A803B5231D3F130800E83C4D /* w6_app_extension_today */,
			);
		};
/* End PBXProject section */

/* Begin PBXResourcesBuildPhase section */
		A803B5011D3F05CE00E83C4D /* Resources */ = {
			isa = PBXResourcesBuildPhase;
			buildActionMask = 2147483647;
			files = (
				A803B5161D3F05CF00E83C4D /* LaunchScreen.storyboard in Resources */,
				A803B5131D3F05CF00E83C4D /* Assets.xcassets in Resources */,
				A803B5111D3F05CF00E83C4D /* Main.storyboard in Resources */,
			);
			runOnlyForDeploymentPostprocessing = 0;
		};
		A803B5221D3F130800E83C4D /* Resources */ = {
			isa = PBXResourcesBuildPhase;
			buildActionMask = 2147483647;
			files = (
				A803B52E1D3F130800E83C4D /* MainInterface.storyboard in Resources */,
			);
			runOnlyForDeploymentPostprocessing = 0;
		};
/* End PBXResourcesBuildPhase section */

/* Begin PBXSourcesBuildPhase section */
		A803B4FF1D3F05CE00E83C4D /* Sources */ = {
			isa = PBXSourcesBuildPhase;
			buildActionMask = 2147483647;
			files = (
				A803B51F1D3F079F00E83C4D /* SetupViewController.m in Sources */,
				A803B50E1D3F05CF00E83C4D /* ViewController.m in Sources */,
				A803B53F1D3F3AAD00E83C4D /* EJDateManager.m in Sources */,
				A803B50B1D3F05CF00E83C4D /* AppDelegate.m in Sources */,
				A803B5081D3F05CF00E83C4D /* main.m in Sources */,
			);
			runOnlyForDeploymentPostprocessing = 0;
		};
		A803B5201D3F130800E83C4D /* Sources */ = {
			isa = PBXSourcesBuildPhase;
			buildActionMask = 2147483647;
			files = (
				A803B5401D3F3AAD00E83C4D /* EJDateManager.m in Sources */,
				A803B52B1D3F130800E83C4D /* TodayViewController.m in Sources */,
			);
			runOnlyForDeploymentPostprocessing = 0;
		};
/* End PBXSourcesBuildPhase section */

/* Begin PBXTargetDependency section */
		A803B5311D3F130800E83C4D /* PBXTargetDependency */ = {
			isa = PBXTargetDependency;
			target = A803B5231D3F130800E83C4D /* w6_app_extension_today */;
			targetProxy = A803B5301D3F130800E83C4D /* PBXContainerItemProxy */;
		};
/* End PBXTargetDependency section */

/* Begin PBXVariantGroup section */
		A803B50F1D3F05CF00E83C4D /* Main.storyboard */ = {
			isa = PBXVariantGroup;
			children = (
				A803B5101D3F05CF00E83C4D /* Base */,
			);
			name = Main.storyboard;
			sourceTree = "<group>";
		};
		A803B5141D3F05CF00E83C4D /* LaunchScreen.storyboard */ = {
			isa = PBXVariantGroup;
			children = (
				A803B5151D3F05CF00E83C4D /* Base */,
			);
			name = LaunchScreen.storyboard;
			sourceTree = "<group>";
		};
		A803B52C1D3F130800E83C4D /* MainInterface.storyboard */ = {
			isa = PBXVariantGroup;
			children = (
				A803B52D1D3F130800E83C4D /* Base */,
			);
			name = MainInterface.storyboard;
			sourceTree = "<group>";
		};
/* End PBXVariantGroup section */

/* Begin XCBuildConfiguration section */
		A803B5181D3F05CF00E83C4D /* Debug */ = {
			isa = XCBuildConfiguration;
			buildSettings = {
				ALWAYS_SEARCH_USER_PATHS = NO;
				CLANG_ANALYZER_NONNULL = YES;
				CLANG_CXX_LANGUAGE_STANDARD = "gnu++0x";
				CLANG_CXX_LIBRARY = "libc++";
				CLANG_ENABLE_MODULES = YES;
				CLANG_ENABLE_OBJC_ARC = YES;
				CLANG_WARN_BOOL_CONVERSION = YES;
				CLANG_WARN_CONSTANT_CONVERSION = YES;
				CLANG_WARN_DIRECT_OBJC_ISA_USAGE = YES_ERROR;
				CLANG_WARN_EMPTY_BODY = YES;
				CLANG_WARN_ENUM_CONVERSION = YES;
				CLANG_WARN_INT_CONVERSION = YES;
				CLANG_WARN_OBJC_ROOT_CLASS = YES_ERROR;
				CLANG_WARN_UNREACHABLE_CODE = YES;
				CLANG_WARN__DUPLICATE_METHOD_MATCH = YES;
				"CODE_SIGN_IDENTITY[sdk=iphoneos*]" = "iPhone Developer";
				COPY_PHASE_STRIP = NO;
				DEBUG_INFORMATION_FORMAT = dwarf;
				ENABLE_STRICT_OBJC_MSGSEND = YES;
				ENABLE_TESTABILITY = YES;
				GCC_C_LANGUAGE_STANDARD = gnu99;
				GCC_DYNAMIC_NO_PIC = NO;
				GCC_NO_COMMON_BLOCKS = YES;
				GCC_OPTIMIZATION_LEVEL = 0;
				GCC_PREPROCESSOR_DEFINITIONS = (
					"DEBUG=1",
					"$(inherited)",
				);
				GCC_WARN_64_TO_32_BIT_CONVERSION = YES;
				GCC_WARN_ABOUT_RETURN_TYPE = YES_ERROR;
				GCC_WARN_UNDECLARED_SELECTOR = YES;
				GCC_WARN_UNINITIALIZED_AUTOS = YES_AGGRESSIVE;
				GCC_WARN_UNUSED_FUNCTION = YES;
				GCC_WARN_UNUSED_VARIABLE = YES;
				IPHONEOS_DEPLOYMENT_TARGET = 9.3;
				MTL_ENABLE_DEBUG_INFO = YES;
				ONLY_ACTIVE_ARCH = YES;
				SDKROOT = iphoneos;
				TARGETED_DEVICE_FAMILY = "1,2";
			};
			name = Debug;
		};
		A803B5191D3F05CF00E83C4D /* Release */ = {
			isa = XCBuildConfiguration;
			buildSettings = {
				ALWAYS_SEARCH_USER_PATHS = NO;
				CLANG_ANALYZER_NONNULL = YES;
				CLANG_CXX_LANGUAGE_STANDARD = "gnu++0x";
				CLANG_CXX_LIBRARY = "libc++";
				CLANG_ENABLE_MODULES = YES;
				CLANG_ENABLE_OBJC_ARC = YES;
				CLANG_WARN_BOOL_CONVERSION = YES;
				CLANG_WARN_CONSTANT_CONVERSION = YES;
				CLANG_WARN_DIRECT_OBJC_ISA_USAGE = YES_ERROR;
				CLANG_WARN_EMPTY_BODY = YES;
				CLANG_WARN_ENUM_CONVERSION = YES;
				CLANG_WARN_INT_CONVERSION = YES;
				CLANG_WARN_OBJC_ROOT_CLASS = YES_ERROR;
				CLANG_WARN_UNREACHABLE_CODE = YES;
				CLANG_WARN__DUPLICATE_METHOD_MATCH = YES;
				"CODE_SIGN_IDENTITY[sdk=iphoneos*]" = "iPhone Developer";
				COPY_PHASE_STRIP = NO;
				DEBUG_INFORMATION_FORMAT = "dwarf-with-dsym";
				ENABLE_NS_ASSERTIONS = NO;
				ENABLE_STRICT_OBJC_MSGSEND = YES;
				GCC_C_LANGUAGE_STANDARD = gnu99;
				GCC_NO_COMMON_BLOCKS = YES;
				GCC_WARN_64_TO_32_BIT_CONVERSION = YES;
				GCC_WARN_ABOUT_RETURN_TYPE = YES_ERROR;
				GCC_WARN_UNDECLARED_SELECTOR = YES;
				GCC_WARN_UNINITIALIZED_AUTOS = YES_AGGRESSIVE;
				GCC_WARN_UNUSED_FUNCTION = YES;
				GCC_WARN_UNUSED_VARIABLE = YES;
				IPHONEOS_DEPLOYMENT_TARGET = 9.3;
				MTL_ENABLE_DEBUG_INFO = NO;
				SDKROOT = iphoneos;
				TARGETED_DEVICE_FAMILY = "1,2";
				VALIDATE_PRODUCT = YES;
			};
			name = Release;
		};
		A803B51B1D3F05CF00E83C4D /* Debug */ = {
			isa = XCBuildConfiguration;
			buildSettings = {
				ASSETCATALOG_COMPILER_APPICON_NAME = AppIcon;
				CODE_SIGN_ENTITLEMENTS = w6_app_extension/w6_app_extension.entitlements;
				INFOPLIST_FILE = w6_app_extension/Info.plist;
				LD_RUNPATH_SEARCH_PATHS = "$(inherited) @executable_path/Frameworks";
				PRODUCT_BUNDLE_IDENTIFIER = "org.nhnnext.w6-app-extension";
				PRODUCT_NAME = "$(TARGET_NAME)";
			};
			name = Debug;
		};
		A803B51C1D3F05CF00E83C4D /* Release */ = {
			isa = XCBuildConfiguration;
			buildSettings = {
				ASSETCATALOG_COMPILER_APPICON_NAME = AppIcon;
				CODE_SIGN_ENTITLEMENTS = w6_app_extension/w6_app_extension.entitlements;
				INFOPLIST_FILE = w6_app_extension/Info.plist;
				LD_RUNPATH_SEARCH_PATHS = "$(inherited) @executable_path/Frameworks";
				PRODUCT_BUNDLE_IDENTIFIER = "org.nhnnext.w6-app-extension";
				PRODUCT_NAME = "$(TARGET_NAME)";
			};
			name = Release;
		};
		A803B5341D3F130800E83C4D /* Debug */ = {
			isa = XCBuildConfiguration;
			buildSettings = {
				CODE_SIGN_ENTITLEMENTS = w6_app_extension_today/w6_app_extension_today.entitlements;
				INFOPLIST_FILE = w6_app_extension_today/Info.plist;
				LD_RUNPATH_SEARCH_PATHS = "$(inherited) @executable_path/Frameworks @executable_path/../../Frameworks";
				PRODUCT_BUNDLE_IDENTIFIER = "org.nhnnext.w6-app-extension.w6-app-extension-today";
				PRODUCT_NAME = "$(TARGET_NAME)";
				SKIP_INSTALL = YES;
			};
			name = Debug;
		};
		A803B5351D3F130800E83C4D /* Release */ = {
			isa = XCBuildConfiguration;
			buildSettings = {
				CODE_SIGN_ENTITLEMENTS = w6_app_extension_today/w6_app_extension_today.entitlements;
				INFOPLIST_FILE = w6_app_extension_today/Info.plist;
				LD_RUNPATH_SEARCH_PATHS = "$(inherited) @executable_path/Frameworks @executable_path/../../Frameworks";
				PRODUCT_BUNDLE_IDENTIFIER = "org.nhnnext.w6-app-extension.w6-app-extension-today";
				PRODUCT_NAME = "$(TARGET_NAME)";
				SKIP_INSTALL = YES;
			};
			name = Release;
		};
/* End XCBuildConfiguration section */

/* Begin XCConfigurationList section */
		A803B4FE1D3F05CE00E83C4D /* Build configuration list for PBXProject "w6_app_extension" */ = {
			isa = XCConfigurationList;
			buildConfigurations = (
				A803B5181D3F05CF00E83C4D /* Debug */,
				A803B5191D3F05CF00E83C4D /* Release */,
			);
			defaultConfigurationIsVisible = 0;
			defaultConfigurationName = Release;
		};
		A803B51A1D3F05CF00E83C4D /* Build configuration list for PBXNativeTarget "w6_app_extension" */ = {
			isa = XCConfigurationList;
			buildConfigurations = (
				A803B51B1D3F05CF00E83C4D /* Debug */,
				A803B51C1D3F05CF00E83C4D /* Release */,
			);
			defaultConfigurationIsVisible = 0;
		};
		A803B5331D3F130800E83C4D /* Build configuration list for PBXNativeTarget "w6_app_extension_today" */ = {
			isa = XCConfigurationList;
			buildConfigurations = (
				A803B5341D3F130800E83C4D /* Debug */,
				A803B5351D3F130800E83C4D /* Release */,
			);
			defaultConfigurationIsVisible = 0;
		};
/* End XCConfigurationList section */
	};
	rootObject = A803B4FB1D3F05CE00E83C4D /* Project object */;
}
