// !$*UTF8*$!
{
	archiveVersion = 1;
	classes = {
	};
	objectVersion = 46;
	objects = {

/* Begin PBXBuildFile section */
		A83CE9CD1D2CCBC0005B778A /* FlipPresentAnimator.m in Sources */ = {isa = PBXBuildFile; fileRef = A83CE9CC1D2CCBC0005B778A /* FlipPresentAnimator.m */; };
		A83CE9D01D2CE536005B778A /* EJAnimatorDelegator.m in Sources */ = {isa = PBXBuildFile; fileRef = A83CE9CF1D2CE536005B778A /* EJAnimatorDelegator.m */; };
		A8AE330F1D2C91AA000AF29F /* main.m in Sources */ = {isa = PBXBuildFile; fileRef = A8AE330E1D2C91AA000AF29F /* main.m */; };
		A8AE33121D2C91AA000AF29F /* AppDelegate.m in Sources */ = {isa = PBXBuildFile; fileRef = A8AE33111D2C91AA000AF29F /* AppDelegate.m */; };
		A8AE33151D2C91AA000AF29F /* ViewController.m in Sources */ = {isa = PBXBuildFile; fileRef = A8AE33141D2C91AA000AF29F /* ViewController.m */; };
		A8AE33181D2C91AA000AF29F /* Main.storyboard in Resources */ = {isa = PBXBuildFile; fileRef = A8AE33161D2C91AA000AF29F /* Main.storyboard */; };
		A8AE331A1D2C91AA000AF29F /* Assets.xcassets in Resources */ = {isa = PBXBuildFile; fileRef = A8AE33191D2C91AA000AF29F /* Assets.xcassets */; };
		A8AE331D1D2C91AA000AF29F /* LaunchScreen.storyboard in Resources */ = {isa = PBXBuildFile; fileRef = A8AE331B1D2C91AA000AF29F /* LaunchScreen.storyboard */; };
		A8AE33261D2C9525000AF29F /* MainTableViewController.m in Sources */ = {isa = PBXBuildFile; fileRef = A8AE33251D2C9525000AF29F /* MainTableViewController.m */; };
		A8AE33291D2C9A5E000AF29F /* TransitionAnimator.m in Sources */ = {isa = PBXBuildFile; fileRef = A8AE33281D2C9A5E000AF29F /* TransitionAnimator.m */; };
		A8AE332C1D2C9C69000AF29F /* PopUpViewController.m in Sources */ = {isa = PBXBuildFile; fileRef = A8AE332B1D2C9C69000AF29F /* PopUpViewController.m */; };
/* End PBXBuildFile section */

/* Begin PBXFileReference section */
		A83CE9CB1D2CCBC0005B778A /* FlipPresentAnimator.h */ = {isa = PBXFileReference; fileEncoding = 4; lastKnownFileType = sourcecode.c.h; path = FlipPresentAnimator.h; sourceTree = "<group>"; };
		A83CE9CC1D2CCBC0005B778A /* FlipPresentAnimator.m */ = {isa = PBXFileReference; fileEncoding = 4; lastKnownFileType = sourcecode.c.objc; path = FlipPresentAnimator.m; sourceTree = "<group>"; };
		A83CE9CE1D2CE536005B778A /* EJAnimatorDelegator.h */ = {isa = PBXFileReference; fileEncoding = 4; lastKnownFileType = sourcecode.c.h; path = EJAnimatorDelegator.h; sourceTree = "<group>"; };
		A83CE9CF1D2CE536005B778A /* EJAnimatorDelegator.m */ = {isa = PBXFileReference; fileEncoding = 4; lastKnownFileType = sourcecode.c.objc; path = EJAnimatorDelegator.m; sourceTree = "<group>"; };
		A8AE330A1D2C91AA000AF29F /* w4_customTransition.app */ = {isa = PBXFileReference; explicitFileType = wrapper.application; includeInIndex = 0; path = w4_customTransition.app; sourceTree = BUILT_PRODUCTS_DIR; };
		A8AE330E1D2C91AA000AF29F /* main.m */ = {isa = PBXFileReference; lastKnownFileType = sourcecode.c.objc; path = main.m; sourceTree = "<group>"; };
		A8AE33101D2C91AA000AF29F /* AppDelegate.h */ = {isa = PBXFileReference; lastKnownFileType = sourcecode.c.h; path = AppDelegate.h; sourceTree = "<group>"; };
		A8AE33111D2C91AA000AF29F /* AppDelegate.m */ = {isa = PBXFileReference; lastKnownFileType = sourcecode.c.objc; path = AppDelegate.m; sourceTree = "<group>"; };
		A8AE33131D2C91AA000AF29F /* ViewController.h */ = {isa = PBXFileReference; lastKnownFileType = sourcecode.c.h; path = ViewController.h; sourceTree = "<group>"; };
		A8AE33141D2C91AA000AF29F /* ViewController.m */ = {isa = PBXFileReference; lastKnownFileType = sourcecode.c.objc; path = ViewController.m; sourceTree = "<group>"; };
		A8AE33171D2C91AA000AF29F /* Base */ = {isa = PBXFileReference; lastKnownFileType = file.storyboard; name = Base; path = Base.lproj/Main.storyboard; sourceTree = "<group>"; };
		A8AE33191D2C91AA000AF29F /* Assets.xcassets */ = {isa = PBXFileReference; lastKnownFileType = folder.assetcatalog; path = Assets.xcassets; sourceTree = "<group>"; };
		A8AE331C1D2C91AA000AF29F /* Base */ = {isa = PBXFileReference; lastKnownFileType = file.storyboard; name = Base; path = Base.lproj/LaunchScreen.storyboard; sourceTree = "<group>"; };
		A8AE331E1D2C91AA000AF29F /* Info.plist */ = {isa = PBXFileReference; lastKnownFileType = text.plist.xml; path = Info.plist; sourceTree = "<group>"; };
		A8AE33241D2C9525000AF29F /* MainTableViewController.h */ = {isa = PBXFileReference; fileEncoding = 4; lastKnownFileType = sourcecode.c.h; path = MainTableViewController.h; sourceTree = "<group>"; };
		A8AE33251D2C9525000AF29F /* MainTableViewController.m */ = {isa = PBXFileReference; fileEncoding = 4; lastKnownFileType = sourcecode.c.objc; path = MainTableViewController.m; sourceTree = "<group>"; };
		A8AE33271D2C9A5E000AF29F /* TransitionAnimator.h */ = {isa = PBXFileReference; fileEncoding = 4; lastKnownFileType = sourcecode.c.h; path = TransitionAnimator.h; sourceTree = "<group>"; };
		A8AE33281D2C9A5E000AF29F /* TransitionAnimator.m */ = {isa = PBXFileReference; fileEncoding = 4; lastKnownFileType = sourcecode.c.objc; path = TransitionAnimator.m; sourceTree = "<group>"; };
		A8AE332A1D2C9C69000AF29F /* PopUpViewController.h */ = {isa = PBXFileReference; fileEncoding = 4; lastKnownFileType = sourcecode.c.h; path = PopUpViewController.h; sourceTree = "<group>"; };
		A8AE332B1D2C9C69000AF29F /* PopUpViewController.m */ = {isa = PBXFileReference; fileEncoding = 4; lastKnownFileType = sourcecode.c.objc; path = PopUpViewController.m; sourceTree = "<group>"; };
/* End PBXFileReference section */

/* Begin PBXFrameworksBuildPhase section */
		A8AE33071D2C91AA000AF29F /* Frameworks */ = {
			isa = PBXFrameworksBuildPhase;
			buildActionMask = 2147483647;
			files = (
			);
			runOnlyForDeploymentPostprocessing = 0;
		};
/* End PBXFrameworksBuildPhase section */

/* Begin PBXGroup section */
		A8AE33011D2C91AA000AF29F = {
			isa = PBXGroup;
			children = (
				A8AE330C1D2C91AA000AF29F /* w4_customTransition */,
				A8AE330B1D2C91AA000AF29F /* Products */,
			);
			sourceTree = "<group>";
		};
		A8AE330B1D2C91AA000AF29F /* Products */ = {
			isa = PBXGroup;
			children = (
				A8AE330A1D2C91AA000AF29F /* w4_customTransition.app */,
			);
			name = Products;
			sourceTree = "<group>";
		};
		A8AE330C1D2C91AA000AF29F /* w4_customTransition */ = {
			isa = PBXGroup;
			children = (
				A8AE33101D2C91AA000AF29F /* AppDelegate.h */,
				A8AE33111D2C91AA000AF29F /* AppDelegate.m */,
				A8AE33131D2C91AA000AF29F /* ViewController.h */,
				A8AE33141D2C91AA000AF29F /* ViewController.m */,
				A8AE33161D2C91AA000AF29F /* Main.storyboard */,
				A8AE33191D2C91AA000AF29F /* Assets.xcassets */,
				A8AE331B1D2C91AA000AF29F /* LaunchScreen.storyboard */,
				A8AE331E1D2C91AA000AF29F /* Info.plist */,
				A8AE330D1D2C91AA000AF29F /* Supporting Files */,
				A8AE33241D2C9525000AF29F /* MainTableViewController.h */,
				A8AE33251D2C9525000AF29F /* MainTableViewController.m */,
				A8AE33271D2C9A5E000AF29F /* TransitionAnimator.h */,
				A8AE33281D2C9A5E000AF29F /* TransitionAnimator.m */,
				A8AE332A1D2C9C69000AF29F /* PopUpViewController.h */,
				A8AE332B1D2C9C69000AF29F /* PopUpViewController.m */,
				A83CE9CB1D2CCBC0005B778A /* FlipPresentAnimator.h */,
				A83CE9CC1D2CCBC0005B778A /* FlipPresentAnimator.m */,
				A83CE9CE1D2CE536005B778A /* EJAnimatorDelegator.h */,
				A83CE9CF1D2CE536005B778A /* EJAnimatorDelegator.m */,
			);
			path = w4_customTransition;
			sourceTree = "<group>";
		};
		A8AE330D1D2C91AA000AF29F /* Supporting Files */ = {
			isa = PBXGroup;
			children = (
				A8AE330E1D2C91AA000AF29F /* main.m */,
			);
			name = "Supporting Files";
			sourceTree = "<group>";
		};
/* End PBXGroup section */

/* Begin PBXNativeTarget section */
		A8AE33091D2C91AA000AF29F /* w4_customTransition */ = {
			isa = PBXNativeTarget;
			buildConfigurationList = A8AE33211D2C91AA000AF29F /* Build configuration list for PBXNativeTarget "w4_customTransition" */;
			buildPhases = (
				A8AE33061D2C91AA000AF29F /* Sources */,
				A8AE33071D2C91AA000AF29F /* Frameworks */,
				A8AE33081D2C91AA000AF29F /* Resources */,
			);
			buildRules = (
			);
			dependencies = (
			);
			name = w4_customTransition;
			productName = w4_customTransition;
			productReference = A8AE330A1D2C91AA000AF29F /* w4_customTransition.app */;
			productType = "com.apple.product-type.application";
		};
/* End PBXNativeTarget section */

/* Begin PBXProject section */
		A8AE33021D2C91AA000AF29F /* Project object */ = {
			isa = PBXProject;
			attributes = {
				LastUpgradeCheck = 0730;
				ORGANIZATIONNAME = "Jay Im";
				TargetAttributes = {
					A8AE33091D2C91AA000AF29F = {
						CreatedOnToolsVersion = 7.3.1;
					};
				};
			};
			buildConfigurationList = A8AE33051D2C91AA000AF29F /* Build configuration list for PBXProject "w4_customTransition" */;
			compatibilityVersion = "Xcode 3.2";
			developmentRegion = English;
			hasScannedForEncodings = 0;
			knownRegions = (
				en,
				Base,
			);
			mainGroup = A8AE33011D2C91AA000AF29F;
			productRefGroup = A8AE330B1D2C91AA000AF29F /* Products */;
			projectDirPath = "";
			projectRoot = "";
			targets = (
				A8AE33091D2C91AA000AF29F /* w4_customTransition */,
			);
		};
/* End PBXProject section */

/* Begin PBXResourcesBuildPhase section */
		A8AE33081D2C91AA000AF29F /* Resources */ = {
			isa = PBXResourcesBuildPhase;
			buildActionMask = 2147483647;
			files = (
				A8AE331D1D2C91AA000AF29F /* LaunchScreen.storyboard in Resources */,
				A8AE331A1D2C91AA000AF29F /* Assets.xcassets in Resources */,
				A8AE33181D2C91AA000AF29F /* Main.storyboard in Resources */,
			);
			runOnlyForDeploymentPostprocessing = 0;
		};
/* End PBXResourcesBuildPhase section */

/* Begin PBXSourcesBuildPhase section */
		A8AE33061D2C91AA000AF29F /* Sources */ = {
			isa = PBXSourcesBuildPhase;
			buildActionMask = 2147483647;
			files = (
				A83CE9CD1D2CCBC0005B778A /* FlipPresentAnimator.m in Sources */,
				A83CE9D01D2CE536005B778A /* EJAnimatorDelegator.m in Sources */,
				A8AE33291D2C9A5E000AF29F /* TransitionAnimator.m in Sources */,
				A8AE33261D2C9525000AF29F /* MainTableViewController.m in Sources */,
				A8AE33151D2C91AA000AF29F /* ViewController.m in Sources */,
				A8AE33121D2C91AA000AF29F /* AppDelegate.m in Sources */,
				A8AE330F1D2C91AA000AF29F /* main.m in Sources */,
				A8AE332C1D2C9C69000AF29F /* PopUpViewController.m in Sources */,
			);
			runOnlyForDeploymentPostprocessing = 0;
		};
/* End PBXSourcesBuildPhase section */

/* Begin PBXVariantGroup section */
		A8AE33161D2C91AA000AF29F /* Main.storyboard */ = {
			isa = PBXVariantGroup;
			children = (
				A8AE33171D2C91AA000AF29F /* Base */,
			);
			name = Main.storyboard;
			sourceTree = "<group>";
		};
		A8AE331B1D2C91AA000AF29F /* LaunchScreen.storyboard */ = {
			isa = PBXVariantGroup;
			children = (
				A8AE331C1D2C91AA000AF29F /* Base */,
			);
			name = LaunchScreen.storyboard;
			sourceTree = "<group>";
		};
/* End PBXVariantGroup section */

/* Begin XCBuildConfiguration section */
		A8AE331F1D2C91AA000AF29F /* Debug */ = {
			isa = XCBuildConfiguration;
			buildSettings = {
				ALWAYS_SEARCH_USER_PATHS = NO;
				CLANG_ANALYZER_NONNULL = YES;
				CLANG_CXX_LANGUAGE_STANDARD = "gnu++0x";
				CLANG_CXX_LIBRARY = "libc++";
				CLANG_ENABLE_MODULES = YES;
				CLANG_ENABLE_OBJC_ARC = YES;
				CLANG_WARN_BOOL_CONVERSION = YES;
				CLANG_WARN_CONSTANT_CONVERSION = YES;
				CLANG_WARN_DIRECT_OBJC_ISA_USAGE = YES_ERROR;
				CLANG_WARN_EMPTY_BODY = YES;
				CLANG_WARN_ENUM_CONVERSION = YES;
				CLANG_WARN_INT_CONVERSION = YES;
				CLANG_WARN_OBJC_ROOT_CLASS = YES_ERROR;
				CLANG_WARN_UNREACHABLE_CODE = YES;
				CLANG_WARN__DUPLICATE_METHOD_MATCH = YES;
				"CODE_SIGN_IDENTITY[sdk=iphoneos*]" = "iPhone Developer";
				COPY_PHASE_STRIP = NO;
				DEBUG_INFORMATION_FORMAT = dwarf;
				ENABLE_STRICT_OBJC_MSGSEND = YES;
				ENABLE_TESTABILITY = YES;
				GCC_C_LANGUAGE_STANDARD = gnu99;
				GCC_DYNAMIC_NO_PIC = NO;
				GCC_NO_COMMON_BLOCKS = YES;
				GCC_OPTIMIZATION_LEVEL = 0;
				GCC_PREPROCESSOR_DEFINITIONS = (
					"DEBUG=1",
					"$(inherited)",
				);
				GCC_WARN_64_TO_32_BIT_CONVERSION = YES;
				GCC_WARN_ABOUT_RETURN_TYPE = YES_ERROR;
				GCC_WARN_UNDECLARED_SELECTOR = YES;
				GCC_WARN_UNINITIALIZED_AUTOS = YES_AGGRESSIVE;
				GCC_WARN_UNUSED_FUNCTION = YES;
				GCC_WARN_UNUSED_VARIABLE = YES;
				IPHONEOS_DEPLOYMENT_TARGET = 9.3;
				MTL_ENABLE_DEBUG_INFO = YES;
				ONLY_ACTIVE_ARCH = YES;
				SDKROOT = iphoneos;
				TARGETED_DEVICE_FAMILY = "1,2";
			};
			name = Debug;
		};
		A8AE33201D2C91AA000AF29F /* Release */ = {
			isa = XCBuildConfiguration;
			buildSettings = {
				ALWAYS_SEARCH_USER_PATHS = NO;
				CLANG_ANALYZER_NONNULL = YES;
				CLANG_CXX_LANGUAGE_STANDARD = "gnu++0x";
				CLANG_CXX_LIBRARY = "libc++";
				CLANG_ENABLE_MODULES = YES;
				CLANG_ENABLE_OBJC_ARC = YES;
				CLANG_WARN_BOOL_CONVERSION = YES;
				CLANG_WARN_CONSTANT_CONVERSION = YES;
				CLANG_WARN_DIRECT_OBJC_ISA_USAGE = YES_ERROR;
				CLANG_WARN_EMPTY_BODY = YES;
				CLANG_WARN_ENUM_CONVERSION = YES;
				CLANG_WARN_INT_CONVERSION = YES;
				CLANG_WARN_OBJC_ROOT_CLASS = YES_ERROR;
				CLANG_WARN_UNREACHABLE_CODE = YES;
				CLANG_WARN__DUPLICATE_METHOD_MATCH = YES;
				"CODE_SIGN_IDENTITY[sdk=iphoneos*]" = "iPhone Developer";
				COPY_PHASE_STRIP = NO;
				DEBUG_INFORMATION_FORMAT = "dwarf-with-dsym";
				ENABLE_NS_ASSERTIONS = NO;
				ENABLE_STRICT_OBJC_MSGSEND = YES;
				GCC_C_LANGUAGE_STANDARD = gnu99;
				GCC_NO_COMMON_BLOCKS = YES;
				GCC_WARN_64_TO_32_BIT_CONVERSION = YES;
				GCC_WARN_ABOUT_RETURN_TYPE = YES_ERROR;
				GCC_WARN_UNDECLARED_SELECTOR = YES;
				GCC_WARN_UNINITIALIZED_AUTOS = YES_AGGRESSIVE;
				GCC_WARN_UNUSED_FUNCTION = YES;
				GCC_WARN_UNUSED_VARIABLE = YES;
				IPHONEOS_DEPLOYMENT_TARGET = 9.3;
				MTL_ENABLE_DEBUG_INFO = NO;
				SDKROOT = iphoneos;
				TARGETED_DEVICE_FAMILY = "1,2";
				VALIDATE_PRODUCT = YES;
			};
			name = Release;
		};
		A8AE33221D2C91AA000AF29F /* Debug */ = {
			isa = XCBuildConfiguration;
			buildSettings = {
				ASSETCATALOG_COMPILER_APPICON_NAME = AppIcon;
				INFOPLIST_FILE = w4_customTransition/Info.plist;
				LD_RUNPATH_SEARCH_PATHS = "$(inherited) @executable_path/Frameworks";
				PRODUCT_BUNDLE_IDENTIFIER = "org.nhnnext.w4-customTransition";
				PRODUCT_NAME = "$(TARGET_NAME)";
			};
			name = Debug;
		};
		A8AE33231D2C91AA000AF29F /* Release */ = {
			isa = XCBuildConfiguration;
			buildSettings = {
				ASSETCATALOG_COMPILER_APPICON_NAME = AppIcon;
				INFOPLIST_FILE = w4_customTransition/Info.plist;
				LD_RUNPATH_SEARCH_PATHS = "$(inherited) @executable_path/Frameworks";
				PRODUCT_BUNDLE_IDENTIFIER = "org.nhnnext.w4-customTransition";
				PRODUCT_NAME = "$(TARGET_NAME)";
			};
			name = Release;
		};
/* End XCBuildConfiguration section */

/* Begin XCConfigurationList section */
		A8AE33051D2C91AA000AF29F /* Build configuration list for PBXProject "w4_customTransition" */ = {
			isa = XCConfigurationList;
			buildConfigurations = (
				A8AE331F1D2C91AA000AF29F /* Debug */,
				A8AE33201D2C91AA000AF29F /* Release */,
			);
			defaultConfigurationIsVisible = 0;
			defaultConfigurationName = Release;
		};
		A8AE33211D2C91AA000AF29F /* Build configuration list for PBXNativeTarget "w4_customTransition" */ = {
			isa = XCConfigurationList;
			buildConfigurations = (
				A8AE33221D2C91AA000AF29F /* Debug */,
				A8AE33231D2C91AA000AF29F /* Release */,
			);
			defaultConfigurationIsVisible = 0;
			defaultConfigurationName = Release;
		};
/* End XCConfigurationList section */
	};
	rootObject = A8AE33021D2C91AA000AF29F /* Project object */;
}
